
Microsoft Visual Studio Solution File, Format Version 10.00
# Visual C++ Express 2008
Project("{8BC9CEB8-8B4A-11D0-8D11-00A0C91BC942}") = "libclocale", "libclocale\libclocale.vcproj", "{6F873325-0F9C-445F-9684-431FCB8C43C8}"
	ProjectSection(ProjectDependencies) = postProject
		{20FFC4C9-F44C-45F6-A827-4819B4DF3C9F} = {20FFC4C9-F44C-45F6-A827-4819B4DF3C9F}
		{BD3A95FA-A3DE-4B79-A889-A7E5ECA4B69C} = {BD3A95FA-A3DE-4B79-A889-A7E5ECA4B69C}
	EndProjectSection
EndProject
Project("{8BC9CEB8-8B4A-11D0-8D11-00A0C91BC942}") = "libbfio", "libbfio\libbfio.vcproj", "{276CDAF0-4F8D-43DB-8779-D5320A66CBCE}"
	ProjectSection(ProjectDependencies) = postProject
		{20FFC4C9-F44C-45F6-A827-4819B4DF3C9F} = {20FFC4C9-F44C-45F6-A827-4819B4DF3C9F}
		{BD3A95FA-A3DE-4B79-A889-A7E5ECA4B69C} = {BD3A95FA-A3DE-4B79-A889-A7E5ECA4B69C}
		{96790701-06F8-4392-8973-E03134D15F65} = {96790701-06F8-4392-8973-E03134D15F65}
		{1CB4F344-7AB3-4F13-A554-733805541D91} = {1CB4F344-7AB3-4F13-A554-733805541D91}
		{6F873325-0F9C-445F-9684-431FCB8C43C8} = {6F873325-0F9C-445F-9684-431FCB8C43C8}
		{0F54D98C-607B-432C-9EF9-B4A035679716} = {0F54D98C-607B-432C-9EF9-B4A035679716}
		{E93A163F-AA4B-48CB-B750-768419ED4439} = {E93A163F-AA4B-48CB-B750-768419ED4439}
		{433E23AB-ABAB-4E86-8D7C-C25FF2085486} = {433E23AB-ABAB-4E86-8D7C-C25FF2085486}
		{A3394D9C-ECC4-4164-AACD-D52F2F2424C9} = {A3394D9C-ECC4-4164-AACD-D52F2F2424C9}
	EndProjectSection
EndProject
Project("{8BC9CEB8-8B4A-11D0-8D11-00A0C91BC942}") = "vsmbrinfo", "vsmbrinfo\vsmbrinfo.vcproj", "{32802303-3E7A-4375-8F5E-42832628F746}"
	ProjectSection(ProjectDependencies) = postProject
		{653D1469-25B2-46CA-A427-069FA2CE9B72} = {653D1469-25B2-46CA-A427-069FA2CE9B72}
		{E93A163F-AA4B-48CB-B750-768419ED4439} = {E93A163F-AA4B-48CB-B750-768419ED4439}
		{307B0D8A-4093-4A8E-95CF-07FB53D1EAFD} = {307B0D8A-4093-4A8E-95CF-07FB53D1EAFD}
		{0F54D98C-607B-432C-9EF9-B4A035679716} = {0F54D98C-607B-432C-9EF9-B4A035679716}
		{6F873325-0F9C-445F-9684-431FCB8C43C8} = {6F873325-0F9C-445F-9684-431FCB8C43C8}
		{BD3A95FA-A3DE-4B79-A889-A7E5ECA4B69C} = {BD3A95FA-A3DE-4B79-A889-A7E5ECA4B69C}
		{20FFC4C9-F44C-45F6-A827-4819B4DF3C9F} = {20FFC4C9-F44C-45F6-A827-4819B4DF3C9F}
	EndProjectSection
EndProject
Project("{8BC9CEB8-8B4A-11D0-8D11-00A0C91BC942}") = "pyvsmbr", "pyvsmbr\pyvsmbr.vcproj", "{5CD5667D-7912-4B24-A91C-977C9D7EE2AA}"
EndProject
Project("{8BC9CEB8-8B4A-11D0-8D11-00A0C91BC942}") = "libcfile", "libcfile\libcfile.vcproj", "{433E23AB-ABAB-4E86-8D7C-C25FF2085486}"
	ProjectSection(ProjectDependencies) = postProject
		{20FFC4C9-F44C-45F6-A827-4819B4DF3C9F} = {20FFC4C9-F44C-45F6-A827-4819B4DF3C9F}
		{BD3A95FA-A3DE-4B79-A889-A7E5ECA4B69C} = {BD3A95FA-A3DE-4B79-A889-A7E5ECA4B69C}
		{6F873325-0F9C-445F-9684-431FCB8C43C8} = {6F873325-0F9C-445F-9684-431FCB8C43C8}
		{0F54D98C-607B-432C-9EF9-B4A035679716} = {0F54D98C-607B-432C-9EF9-B4A035679716}
		{E93A163F-AA4B-48CB-B750-768419ED4439} = {E93A163F-AA4B-48CB-B750-768419ED4439}
	EndProjectSection
EndProject
Project("{8BC9CEB8-8B4A-11D0-8D11-00A0C91BC942}") = "libcthreads", "libcthreads\libcthreads.vcproj", "{96790701-06F8-4392-8973-E03134D15F65}"
	ProjectSection(ProjectDependencies) = postProject
		{20FFC4C9-F44C-45F6-A827-4819B4DF3C9F} = {20FFC4C9-F44C-45F6-A827-4819B4DF3C9F}
		{BD3A95FA-A3DE-4B79-A889-A7E5ECA4B69C} = {BD3A95FA-A3DE-4B79-A889-A7E5ECA4B69C}
	EndProjectSection
EndProject
Project("{8BC9CEB8-8B4A-11D0-8D11-00A0C91BC942}") = "libcpath", "libcpath\libcpath.vcproj", "{A3394D9C-ECC4-4164-AACD-D52F2F2424C9}"
	ProjectSection(ProjectDependencies) = postProject
		{20FFC4C9-F44C-45F6-A827-4819B4DF3C9F} = {20FFC4C9-F44C-45F6-A827-4819B4DF3C9F}
		{BD3A95FA-A3DE-4B79-A889-A7E5ECA4B69C} = {BD3A95FA-A3DE-4B79-A889-A7E5ECA4B69C}
		{6F873325-0F9C-445F-9684-431FCB8C43C8} = {6F873325-0F9C-445F-9684-431FCB8C43C8}
		{244DFCC3-C80F-44D4-AEF8-0E26FCD59099} = {244DFCC3-C80F-44D4-AEF8-0E26FCD59099}
		{E93A163F-AA4B-48CB-B750-768419ED4439} = {E93A163F-AA4B-48CB-B750-768419ED4439}
	EndProjectSection
EndProject
Project("{8BC9CEB8-8B4A-11D0-8D11-00A0C91BC942}") = "libcstring", "libcstring\libcstring.vcproj", "{20FFC4C9-F44C-45F6-A827-4819B4DF3C9F}"
EndProject
Project("{8BC9CEB8-8B4A-11D0-8D11-00A0C91BC942}") = "libuna", "libuna\libuna.vcproj", "{E93A163F-AA4B-48CB-B750-768419ED4439}"
	ProjectSection(ProjectDependencies) = postProject
		{20FFC4C9-F44C-45F6-A827-4819B4DF3C9F} = {20FFC4C9-F44C-45F6-A827-4819B4DF3C9F}
		{BD3A95FA-A3DE-4B79-A889-A7E5ECA4B69C} = {BD3A95FA-A3DE-4B79-A889-A7E5ECA4B69C}
	EndProjectSection
EndProject
Project("{8BC9CEB8-8B4A-11D0-8D11-00A0C91BC942}") = "libcerror", "libcerror\libcerror.vcproj", "{BD3A95FA-A3DE-4B79-A889-A7E5ECA4B69C}"
	ProjectSection(ProjectDependencies) = postProject
		{20FFC4C9-F44C-45F6-A827-4819B4DF3C9F} = {20FFC4C9-F44C-45F6-A827-4819B4DF3C9F}
	EndProjectSection
EndProject
Project("{8BC9CEB8-8B4A-11D0-8D11-00A0C91BC942}") = "libcnotify", "libcnotify\libcnotify.vcproj", "{0F54D98C-607B-432C-9EF9-B4A035679716}"
	ProjectSection(ProjectDependencies) = postProject
		{20FFC4C9-F44C-45F6-A827-4819B4DF3C9F} = {20FFC4C9-F44C-45F6-A827-4819B4DF3C9F}
		{BD3A95FA-A3DE-4B79-A889-A7E5ECA4B69C} = {BD3A95FA-A3DE-4B79-A889-A7E5ECA4B69C}
	EndProjectSection
EndProject
Project("{8BC9CEB8-8B4A-11D0-8D11-00A0C91BC942}") = "libvsmbr", "libvsmbr\libvsmbr.vcproj", "{307B0D8A-4093-4A8E-95CF-07FB53D1EAFD}"
	ProjectSection(ProjectDependencies) = postProject
		{20FFC4C9-F44C-45F6-A827-4819B4DF3C9F} = {20FFC4C9-F44C-45F6-A827-4819B4DF3C9F}
		{BD3A95FA-A3DE-4B79-A889-A7E5ECA4B69C} = {BD3A95FA-A3DE-4B79-A889-A7E5ECA4B69C}
		{1CB4F344-7AB3-4F13-A554-733805541D91} = {1CB4F344-7AB3-4F13-A554-733805541D91}
		{6F873325-0F9C-445F-9684-431FCB8C43C8} = {6F873325-0F9C-445F-9684-431FCB8C43C8}
		{0F54D98C-607B-432C-9EF9-B4A035679716} = {0F54D98C-607B-432C-9EF9-B4A035679716}
		{244DFCC3-C80F-44D4-AEF8-0E26FCD59099} = {244DFCC3-C80F-44D4-AEF8-0E26FCD59099}
		{E93A163F-AA4B-48CB-B750-768419ED4439} = {E93A163F-AA4B-48CB-B750-768419ED4439}
		{433E23AB-ABAB-4E86-8D7C-C25FF2085486} = {433E23AB-ABAB-4E86-8D7C-C25FF2085486}
		{A3394D9C-ECC4-4164-AACD-D52F2F2424C9} = {A3394D9C-ECC4-4164-AACD-D52F2F2424C9}
		{276CDAF0-4F8D-43DB-8779-D5320A66CBCE} = {276CDAF0-4F8D-43DB-8779-D5320A66CBCE}
	EndProjectSection
EndProject
Project("{8BC9CEB8-8B4A-11D0-8D11-00A0C91BC942}") = "libcsystem", "libcsystem\libcsystem.vcproj", "{653D1469-25B2-46CA-A427-069FA2CE9B72}"
	ProjectSection(ProjectDependencies) = postProject
		{20FFC4C9-F44C-45F6-A827-4819B4DF3C9F} = {20FFC4C9-F44C-45F6-A827-4819B4DF3C9F}
		{BD3A95FA-A3DE-4B79-A889-A7E5ECA4B69C} = {BD3A95FA-A3DE-4B79-A889-A7E5ECA4B69C}
		{6F873325-0F9C-445F-9684-431FCB8C43C8} = {6F873325-0F9C-445F-9684-431FCB8C43C8}
		{0F54D98C-607B-432C-9EF9-B4A035679716} = {0F54D98C-607B-432C-9EF9-B4A035679716}
		{E93A163F-AA4B-48CB-B750-768419ED4439} = {E93A163F-AA4B-48CB-B750-768419ED4439}
	EndProjectSection
EndProject
Project("{8BC9CEB8-8B4A-11D0-8D11-00A0C91BC942}") = "libcdata", "libcdata\libcdata.vcproj", "{1CB4F344-7AB3-4F13-A554-733805541D91}"
	ProjectSection(ProjectDependencies) = postProject
		{20FFC4C9-F44C-45F6-A827-4819B4DF3C9F} = {20FFC4C9-F44C-45F6-A827-4819B4DF3C9F}
		{BD3A95FA-A3DE-4B79-A889-A7E5ECA4B69C} = {BD3A95FA-A3DE-4B79-A889-A7E5ECA4B69C}
		{96790701-06F8-4392-8973-E03134D15F65} = {96790701-06F8-4392-8973-E03134D15F65}
	EndProjectSection
EndProject
Project("{8BC9CEB8-8B4A-11D0-8D11-00A0C91BC942}") = "libcsplit", "libcsplit\libcsplit.vcproj", "{244DFCC3-C80F-44D4-AEF8-0E26FCD59099}"
	ProjectSection(ProjectDependencies) = postProject
		{20FFC4C9-F44C-45F6-A827-4819B4DF3C9F} = {20FFC4C9-F44C-45F6-A827-4819B4DF3C9F}
		{BD3A95FA-A3DE-4B79-A889-A7E5ECA4B69C} = {BD3A95FA-A3DE-4B79-A889-A7E5ECA4B69C}
	EndProjectSection
EndProject
Global
	GlobalSection(SolutionConfigurationPlatforms) = preSolution
		Release|Win32 = Release|Win32
		VSDebug|Win32 = VSDebug|Win32
	EndGlobalSection
	GlobalSection(ProjectConfigurationPlatforms) = postSolution
		{6F873325-0F9C-445F-9684-431FCB8C43C8}.Release|Win32.ActiveCfg = Release|Win32
		{6F873325-0F9C-445F-9684-431FCB8C43C8}.Release|Win32.Build.0 = Release|Win32
		{6F873325-0F9C-445F-9684-431FCB8C43C8}.VSDebug|Win32.ActiveCfg = VSDebug|Win32
		{6F873325-0F9C-445F-9684-431FCB8C43C8}.VSDebug|Win32.Build.0 = VSDebug|Win32
		{276CDAF0-4F8D-43DB-8779-D5320A66CBCE}.Release|Win32.ActiveCfg = Release|Win32
		{276CDAF0-4F8D-43DB-8779-D5320A66CBCE}.Release|Win32.Build.0 = Release|Win32
		{276CDAF0-4F8D-43DB-8779-D5320A66CBCE}.VSDebug|Win32.ActiveCfg = VSDebug|Win32
		{276CDAF0-4F8D-43DB-8779-D5320A66CBCE}.VSDebug|Win32.Build.0 = VSDebug|Win32
		{32802303-3E7A-4375-8F5E-42832628F746}.Release|Win32.ActiveCfg = Release|Win32
		{32802303-3E7A-4375-8F5E-42832628F746}.Release|Win32.Build.0 = Release|Win32
		{32802303-3E7A-4375-8F5E-42832628F746}.VSDebug|Win32.ActiveCfg = VSDebug|Win32
		{32802303-3E7A-4375-8F5E-42832628F746}.VSDebug|Win32.Build.0 = VSDebug|Win32
		{5CD5667D-7912-4B24-A91C-977C9D7EE2AA}.Release|Win32.ActiveCfg = Release|Win32
		{5CD5667D-7912-4B24-A91C-977C9D7EE2AA}.Release|Win32.Build.0 = Release|Win32
		{5CD5667D-7912-4B24-A91C-977C9D7EE2AA}.VSDebug|Win32.ActiveCfg = VSDebug|Win32
		{5CD5667D-7912-4B24-A91C-977C9D7EE2AA}.VSDebug|Win32.Build.0 = VSDebug|Win32
		{433E23AB-ABAB-4E86-8D7C-C25FF2085486}.Release|Win32.ActiveCfg = Release|Win32
		{433E23AB-ABAB-4E86-8D7C-C25FF2085486}.Release|Win32.Build.0 = Release|Win32
		{433E23AB-ABAB-4E86-8D7C-C25FF2085486}.VSDebug|Win32.ActiveCfg = VSDebug|Win32
		{433E23AB-ABAB-4E86-8D7C-C25FF2085486}.VSDebug|Win32.Build.0 = VSDebug|Win32
		{96790701-06F8-4392-8973-E03134D15F65}.Release|Win32.ActiveCfg = Release|Win32
		{96790701-06F8-4392-8973-E03134D15F65}.Release|Win32.Build.0 = Release|Win32
		{96790701-06F8-4392-8973-E03134D15F65}.VSDebug|Win32.ActiveCfg = VSDebug|Win32
		{96790701-06F8-4392-8973-E03134D15F65}.VSDebug|Win32.Build.0 = VSDebug|Win32
		{A3394D9C-ECC4-4164-AACD-D52F2F2424C9}.Release|Win32.ActiveCfg = Release|Win32
		{A3394D9C-ECC4-4164-AACD-D52F2F2424C9}.Release|Win32.Build.0 = Release|Win32
		{A3394D9C-ECC4-4164-AACD-D52F2F2424C9}.VSDebug|Win32.ActiveCfg = VSDebug|Win32
		{A3394D9C-ECC4-4164-AACD-D52F2F2424C9}.VSDebug|Win32.Build.0 = VSDebug|Win32
		{20FFC4C9-F44C-45F6-A827-4819B4DF3C9F}.Release|Win32.ActiveCfg = Release|Win32
		{20FFC4C9-F44C-45F6-A827-4819B4DF3C9F}.Release|Win32.Build.0 = Release|Win32
		{20FFC4C9-F44C-45F6-A827-4819B4DF3C9F}.VSDebug|Win32.ActiveCfg = VSDebug|Win32
		{20FFC4C9-F44C-45F6-A827-4819B4DF3C9F}.VSDebug|Win32.Build.0 = VSDebug|Win32
		{E93A163F-AA4B-48CB-B750-768419ED4439}.Release|Win32.ActiveCfg = Release|Win32
		{E93A163F-AA4B-48CB-B750-768419ED4439}.Release|Win32.Build.0 = Release|Win32
		{E93A163F-AA4B-48CB-B750-768419ED4439}.VSDebug|Win32.ActiveCfg = VSDebug|Win32
		{E93A163F-AA4B-48CB-B750-768419ED4439}.VSDebug|Win32.Build.0 = VSDebug|Win32
		{BD3A95FA-A3DE-4B79-A889-A7E5ECA4B69C}.Release|Win32.ActiveCfg = Release|Win32
		{BD3A95FA-A3DE-4B79-A889-A7E5ECA4B69C}.Release|Win32.Build.0 = Release|Win32
		{BD3A95FA-A3DE-4B79-A889-A7E5ECA4B69C}.VSDebug|Win32.ActiveCfg = VSDebug|Win32
		{BD3A95FA-A3DE-4B79-A889-A7E5ECA4B69C}.VSDebug|Win32.Build.0 = VSDebug|Win32
		{0F54D98C-607B-432C-9EF9-B4A035679716}.Release|Win32.ActiveCfg = Release|Win32
		{0F54D98C-607B-432C-9EF9-B4A035679716}.Release|Win32.Build.0 = Release|Win32
		{0F54D98C-607B-432C-9EF9-B4A035679716}.VSDebug|Win32.ActiveCfg = VSDebug|Win32
		{0F54D98C-607B-432C-9EF9-B4A035679716}.VSDebug|Win32.Build.0 = VSDebug|Win32
		{307B0D8A-4093-4A8E-95CF-07FB53D1EAFD}.Release|Win32.ActiveCfg = Release|Win32
		{307B0D8A-4093-4A8E-95CF-07FB53D1EAFD}.Release|Win32.Build.0 = Release|Win32
		{307B0D8A-4093-4A8E-95CF-07FB53D1EAFD}.VSDebug|Win32.ActiveCfg = VSDebug|Win32
		{307B0D8A-4093-4A8E-95CF-07FB53D1EAFD}.VSDebug|Win32.Build.0 = VSDebug|Win32
		{653D1469-25B2-46CA-A427-069FA2CE9B72}.Release|Win32.ActiveCfg = Release|Win32
		{653D1469-25B2-46CA-A427-069FA2CE9B72}.Release|Win32.Build.0 = Release|Win32
		{653D1469-25B2-46CA-A427-069FA2CE9B72}.VSDebug|Win32.ActiveCfg = VSDebug|Win32
		{653D1469-25B2-46CA-A427-069FA2CE9B72}.VSDebug|Win32.Build.0 = VSDebug|Win32
		{1CB4F344-7AB3-4F13-A554-733805541D91}.Release|Win32.ActiveCfg = Release|Win32
		{1CB4F344-7AB3-4F13-A554-733805541D91}.Release|Win32.Build.0 = Release|Win32
		{1CB4F344-7AB3-4F13-A554-733805541D91}.VSDebug|Win32.ActiveCfg = VSDebug|Win32
		{1CB4F344-7AB3-4F13-A554-733805541D91}.VSDebug|Win32.Build.0 = VSDebug|Win32
		{244DFCC3-C80F-44D4-AEF8-0E26FCD59099}.Release|Win32.ActiveCfg = Release|Win32
		{244DFCC3-C80F-44D4-AEF8-0E26FCD59099}.Release|Win32.Build.0 = Release|Win32
		{244DFCC3-C80F-44D4-AEF8-0E26FCD59099}.VSDebug|Win32.ActiveCfg = VSDebug|Win32
		{244DFCC3-C80F-44D4-AEF8-0E26FCD59099}.VSDebug|Win32.Build.0 = VSDebug|Win32
	EndGlobalSection
	GlobalSection(SolutionProperties) = preSolution
		HideSolutionNode = FALSE
	EndGlobalSection
EndGlobal
