
Microsoft Visual Studio Solution File, Format Version 10.00
# Visual C++ Express 2008
Project("{8BC9CEB8-8B4A-11D0-8D11-00A0C91BC942}") = "libfcache", "libfcache\libfcache.vcproj", "{24447C8D-5279-4B41-A3BE-27ADF7605D0F}"
	ProjectSection(ProjectDependencies) = postProject
		{BD3A95FA-A3DE-4B79-A889-A7E5ECA4B69C} = {BD3A95FA-A3DE-4B79-A889-A7E5ECA4B69C}
		{96790701-06F8-4392-8973-E03134D15F65} = {96790701-06F8-4392-8973-E03134D15F65}
		{1CB4F344-7AB3-4F13-A554-733805541D91} = {1CB4F344-7AB3-4F13-A554-733805541D91}
	EndProjectSection
EndProject
Project("{8BC9CEB8-8B4A-11D0-8D11-00A0C91BC942}") = "vsmbr_test_boot_record", "vsmbr_test_boot_record\vsmbr_test_boot_record.vcproj", "{BB29A77E-D048-42EE-9520-D6F38EF584EB}"
	ProjectSection(ProjectDependencies) = postProject
		{276CDAF0-4F8D-43DB-8779-D5320A66CBCE} = {276CDAF0-4F8D-43DB-8779-D5320A66CBCE}
		{A3394D9C-ECC4-4164-AACD-D52F2F2424C9} = {A3394D9C-ECC4-4164-AACD-D52F2F2424C9}
		{433E23AB-ABAB-4E86-8D7C-C25FF2085486} = {433E23AB-ABAB-4E86-8D7C-C25FF2085486}
		{E93A163F-AA4B-48CB-B750-768419ED4439} = {E93A163F-AA4B-48CB-B750-768419ED4439}
		{244DFCC3-C80F-44D4-AEF8-0E26FCD59099} = {244DFCC3-C80F-44D4-AEF8-0E26FCD59099}
		{0F54D98C-607B-432C-9EF9-B4A035679716} = {0F54D98C-607B-432C-9EF9-B4A035679716}
		{6F873325-0F9C-445F-9684-431FCB8C43C8} = {6F873325-0F9C-445F-9684-431FCB8C43C8}
		{1CB4F344-7AB3-4F13-A554-733805541D91} = {1CB4F344-7AB3-4F13-A554-733805541D91}
		{307B0D8A-4093-4A8E-95CF-07FB53D1EAFD} = {307B0D8A-4093-4A8E-95CF-07FB53D1EAFD}
		{BD3A95FA-A3DE-4B79-A889-A7E5ECA4B69C} = {BD3A95FA-A3DE-4B79-A889-A7E5ECA4B69C}
	EndProjectSection
EndProject
Project("{8BC9CEB8-8B4A-11D0-8D11-00A0C91BC942}") = "vsmbr_test_chs_address", "vsmbr_test_chs_address\vsmbr_test_chs_address.vcproj", "{2018BDC8-3317-4560-8CD7-21DC08382494}"
	ProjectSection(ProjectDependencies) = postProject
		{307B0D8A-4093-4A8E-95CF-07FB53D1EAFD} = {307B0D8A-4093-4A8E-95CF-07FB53D1EAFD}
		{BD3A95FA-A3DE-4B79-A889-A7E5ECA4B69C} = {BD3A95FA-A3DE-4B79-A889-A7E5ECA4B69C}
	EndProjectSection
EndProject
Project("{8BC9CEB8-8B4A-11D0-8D11-00A0C91BC942}") = "vsmbr_test_error", "vsmbr_test_error\vsmbr_test_error.vcproj", "{4C618080-28F3-42AD-BF12-6DDB73B21DC8}"
	ProjectSection(ProjectDependencies) = postProject
		{307B0D8A-4093-4A8E-95CF-07FB53D1EAFD} = {307B0D8A-4093-4A8E-95CF-07FB53D1EAFD}
	EndProjectSection
EndProject
Project("{8BC9CEB8-8B4A-11D0-8D11-00A0C91BC942}") = "vsmbr_test_io_handle", "vsmbr_test_io_handle\vsmbr_test_io_handle.vcproj", "{8C06ADA6-EB54-440E-947E-784265EB8959}"
	ProjectSection(ProjectDependencies) = postProject
		{307B0D8A-4093-4A8E-95CF-07FB53D1EAFD} = {307B0D8A-4093-4A8E-95CF-07FB53D1EAFD}
		{BD3A95FA-A3DE-4B79-A889-A7E5ECA4B69C} = {BD3A95FA-A3DE-4B79-A889-A7E5ECA4B69C}
	EndProjectSection
EndProject
Project("{8BC9CEB8-8B4A-11D0-8D11-00A0C91BC942}") = "vsmbr_test_notify", "vsmbr_test_notify\vsmbr_test_notify.vcproj", "{41244822-A3AD-4FD8-BC02-3539678F5F56}"
	ProjectSection(ProjectDependencies) = postProject
		{307B0D8A-4093-4A8E-95CF-07FB53D1EAFD} = {307B0D8A-4093-4A8E-95CF-07FB53D1EAFD}
		{BD3A95FA-A3DE-4B79-A889-A7E5ECA4B69C} = {BD3A95FA-A3DE-4B79-A889-A7E5ECA4B69C}
	EndProjectSection
EndProject
Project("{8BC9CEB8-8B4A-11D0-8D11-00A0C91BC942}") = "vsmbr_test_partition", "vsmbr_test_partition\vsmbr_test_partition.vcproj", "{6853194D-5834-4F02-A808-25BD655C3F15}"
	ProjectSection(ProjectDependencies) = postProject
		{276CDAF0-4F8D-43DB-8779-D5320A66CBCE} = {276CDAF0-4F8D-43DB-8779-D5320A66CBCE}
		{A3394D9C-ECC4-4164-AACD-D52F2F2424C9} = {A3394D9C-ECC4-4164-AACD-D52F2F2424C9}
		{433E23AB-ABAB-4E86-8D7C-C25FF2085486} = {433E23AB-ABAB-4E86-8D7C-C25FF2085486}
		{E93A163F-AA4B-48CB-B750-768419ED4439} = {E93A163F-AA4B-48CB-B750-768419ED4439}
		{244DFCC3-C80F-44D4-AEF8-0E26FCD59099} = {244DFCC3-C80F-44D4-AEF8-0E26FCD59099}
		{0F54D98C-607B-432C-9EF9-B4A035679716} = {0F54D98C-607B-432C-9EF9-B4A035679716}
		{6F873325-0F9C-445F-9684-431FCB8C43C8} = {6F873325-0F9C-445F-9684-431FCB8C43C8}
		{1CB4F344-7AB3-4F13-A554-733805541D91} = {1CB4F344-7AB3-4F13-A554-733805541D91}
		{307B0D8A-4093-4A8E-95CF-07FB53D1EAFD} = {307B0D8A-4093-4A8E-95CF-07FB53D1EAFD}
		{96790701-06F8-4392-8973-E03134D15F65} = {96790701-06F8-4392-8973-E03134D15F65}
		{BD3A95FA-A3DE-4B79-A889-A7E5ECA4B69C} = {BD3A95FA-A3DE-4B79-A889-A7E5ECA4B69C}
	EndProjectSection
EndProject
Project("{8BC9CEB8-8B4A-11D0-8D11-00A0C91BC942}") = "vsmbr_test_partition_entry", "vsmbr_test_partition_entry\vsmbr_test_partition_entry.vcproj", "{9DC5F85B-A664-4D00-B2FA-668CCED9674E}"
	ProjectSection(ProjectDependencies) = postProject
		{307B0D8A-4093-4A8E-95CF-07FB53D1EAFD} = {307B0D8A-4093-4A8E-95CF-07FB53D1EAFD}
		{BD3A95FA-A3DE-4B79-A889-A7E5ECA4B69C} = {BD3A95FA-A3DE-4B79-A889-A7E5ECA4B69C}
	EndProjectSection
EndProject
Project("{8BC9CEB8-8B4A-11D0-8D11-00A0C91BC942}") = "vsmbr_test_partition_type", "vsmbr_test_partition_type\vsmbr_test_partition_type.vcproj", "{DA828799-CF59-49C8-B130-2EC0CD3A40AB}"
	ProjectSection(ProjectDependencies) = postProject
		{307B0D8A-4093-4A8E-95CF-07FB53D1EAFD} = {307B0D8A-4093-4A8E-95CF-07FB53D1EAFD}
		{BD3A95FA-A3DE-4B79-A889-A7E5ECA4B69C} = {BD3A95FA-A3DE-4B79-A889-A7E5ECA4B69C}
	EndProjectSection
EndProject
Project("{8BC9CEB8-8B4A-11D0-8D11-00A0C91BC942}") = "vsmbr_test_partition_values", "vsmbr_test_partition_values\vsmbr_test_partition_values.vcproj", "{209F25F1-8CD5-43D4-B1AF-E7403FA7B94E}"
	ProjectSection(ProjectDependencies) = postProject
		{307B0D8A-4093-4A8E-95CF-07FB53D1EAFD} = {307B0D8A-4093-4A8E-95CF-07FB53D1EAFD}
		{BD3A95FA-A3DE-4B79-A889-A7E5ECA4B69C} = {BD3A95FA-A3DE-4B79-A889-A7E5ECA4B69C}
	EndProjectSection
EndProject
Project("{8BC9CEB8-8B4A-11D0-8D11-00A0C91BC942}") = "vsmbr_test_section_values", "vsmbr_test_section_values\vsmbr_test_section_values.vcproj", "{69E13D87-F289-4079-8616-4D44E60BBA5F}"
	ProjectSection(ProjectDependencies) = postProject
		{307B0D8A-4093-4A8E-95CF-07FB53D1EAFD} = {307B0D8A-4093-4A8E-95CF-07FB53D1EAFD}
		{BD3A95FA-A3DE-4B79-A889-A7E5ECA4B69C} = {BD3A95FA-A3DE-4B79-A889-A7E5ECA4B69C}
	EndProjectSection
EndProject
Project("{8BC9CEB8-8B4A-11D0-8D11-00A0C91BC942}") = "vsmbr_test_sector_data", "vsmbr_test_sector_data\vsmbr_test_sector_data.vcproj", "{8826C785-CE78-4026-9A58-DF6A8A9D1C4E}"
	ProjectSection(ProjectDependencies) = postProject
		{276CDAF0-4F8D-43DB-8779-D5320A66CBCE} = {276CDAF0-4F8D-43DB-8779-D5320A66CBCE}
		{A3394D9C-ECC4-4164-AACD-D52F2F2424C9} = {A3394D9C-ECC4-4164-AACD-D52F2F2424C9}
		{433E23AB-ABAB-4E86-8D7C-C25FF2085486} = {433E23AB-ABAB-4E86-8D7C-C25FF2085486}
		{E93A163F-AA4B-48CB-B750-768419ED4439} = {E93A163F-AA4B-48CB-B750-768419ED4439}
		{244DFCC3-C80F-44D4-AEF8-0E26FCD59099} = {244DFCC3-C80F-44D4-AEF8-0E26FCD59099}
		{0F54D98C-607B-432C-9EF9-B4A035679716} = {0F54D98C-607B-432C-9EF9-B4A035679716}
		{6F873325-0F9C-445F-9684-431FCB8C43C8} = {6F873325-0F9C-445F-9684-431FCB8C43C8}
		{1CB4F344-7AB3-4F13-A554-733805541D91} = {1CB4F344-7AB3-4F13-A554-733805541D91}
		{307B0D8A-4093-4A8E-95CF-07FB53D1EAFD} = {307B0D8A-4093-4A8E-95CF-07FB53D1EAFD}
		{BD3A95FA-A3DE-4B79-A889-A7E5ECA4B69C} = {BD3A95FA-A3DE-4B79-A889-A7E5ECA4B69C}
	EndProjectSection
EndProject
Project("{8BC9CEB8-8B4A-11D0-8D11-00A0C91BC942}") = "vsmbr_test_support", "vsmbr_test_support\vsmbr_test_support.vcproj", "{8C7D0CE6-DE66-43A5-849B-E973AF9B46AD}"
	ProjectSection(ProjectDependencies) = postProject
		{276CDAF0-4F8D-43DB-8779-D5320A66CBCE} = {276CDAF0-4F8D-43DB-8779-D5320A66CBCE}
		{A3394D9C-ECC4-4164-AACD-D52F2F2424C9} = {A3394D9C-ECC4-4164-AACD-D52F2F2424C9}
		{433E23AB-ABAB-4E86-8D7C-C25FF2085486} = {433E23AB-ABAB-4E86-8D7C-C25FF2085486}
		{E93A163F-AA4B-48CB-B750-768419ED4439} = {E93A163F-AA4B-48CB-B750-768419ED4439}
		{244DFCC3-C80F-44D4-AEF8-0E26FCD59099} = {244DFCC3-C80F-44D4-AEF8-0E26FCD59099}
		{0F54D98C-607B-432C-9EF9-B4A035679716} = {0F54D98C-607B-432C-9EF9-B4A035679716}
		{6F873325-0F9C-445F-9684-431FCB8C43C8} = {6F873325-0F9C-445F-9684-431FCB8C43C8}
		{1CB4F344-7AB3-4F13-A554-733805541D91} = {1CB4F344-7AB3-4F13-A554-733805541D91}
		{307B0D8A-4093-4A8E-95CF-07FB53D1EAFD} = {307B0D8A-4093-4A8E-95CF-07FB53D1EAFD}
		{BD3A95FA-A3DE-4B79-A889-A7E5ECA4B69C} = {BD3A95FA-A3DE-4B79-A889-A7E5ECA4B69C}
	EndProjectSection
EndProject
Project("{8BC9CEB8-8B4A-11D0-8D11-00A0C91BC942}") = "vsmbr_test_tools_info_handle", "vsmbr_test_tools_info_handle\vsmbr_test_tools_info_handle.vcproj", "{A61F04DB-3FE9-4479-9D32-E7F0038C560A}"
	ProjectSection(ProjectDependencies) = postProject
		{6F873325-0F9C-445F-9684-431FCB8C43C8} = {6F873325-0F9C-445F-9684-431FCB8C43C8}
		{307B0D8A-4093-4A8E-95CF-07FB53D1EAFD} = {307B0D8A-4093-4A8E-95CF-07FB53D1EAFD}
		{BD3A95FA-A3DE-4B79-A889-A7E5ECA4B69C} = {BD3A95FA-A3DE-4B79-A889-A7E5ECA4B69C}
	EndProjectSection
EndProject
Project("{8BC9CEB8-8B4A-11D0-8D11-00A0C91BC942}") = "vsmbr_test_tools_output", "vsmbr_test_tools_output\vsmbr_test_tools_output.vcproj", "{C56F93A8-3510-415F-9EF3-97561FCB1113}"
	ProjectSection(ProjectDependencies) = postProject
		{307B0D8A-4093-4A8E-95CF-07FB53D1EAFD} = {307B0D8A-4093-4A8E-95CF-07FB53D1EAFD}
		{BD3A95FA-A3DE-4B79-A889-A7E5ECA4B69C} = {BD3A95FA-A3DE-4B79-A889-A7E5ECA4B69C}
	EndProjectSection
EndProject
Project("{8BC9CEB8-8B4A-11D0-8D11-00A0C91BC942}") = "vsmbr_test_tools_signal", "vsmbr_test_tools_signal\vsmbr_test_tools_signal.vcproj", "{88609394-EF1B-4375-BF40-1167F715E980}"
	ProjectSection(ProjectDependencies) = postProject
		{307B0D8A-4093-4A8E-95CF-07FB53D1EAFD} = {307B0D8A-4093-4A8E-95CF-07FB53D1EAFD}
		{BD3A95FA-A3DE-4B79-A889-A7E5ECA4B69C} = {BD3A95FA-A3DE-4B79-A889-A7E5ECA4B69C}
	EndProjectSection
EndProject
Project("{8BC9CEB8-8B4A-11D0-8D11-00A0C91BC942}") = "vsmbr_test_volume", "vsmbr_test_volume\vsmbr_test_volume.vcproj", "{12676967-A91B-4E38-86DE-71880271A388}"
	ProjectSection(ProjectDependencies) = postProject
		{276CDAF0-4F8D-43DB-8779-D5320A66CBCE} = {276CDAF0-4F8D-43DB-8779-D5320A66CBCE}
		{A3394D9C-ECC4-4164-AACD-D52F2F2424C9} = {A3394D9C-ECC4-4164-AACD-D52F2F2424C9}
		{433E23AB-ABAB-4E86-8D7C-C25FF2085486} = {433E23AB-ABAB-4E86-8D7C-C25FF2085486}
		{E93A163F-AA4B-48CB-B750-768419ED4439} = {E93A163F-AA4B-48CB-B750-768419ED4439}
		{244DFCC3-C80F-44D4-AEF8-0E26FCD59099} = {244DFCC3-C80F-44D4-AEF8-0E26FCD59099}
		{0F54D98C-607B-432C-9EF9-B4A035679716} = {0F54D98C-607B-432C-9EF9-B4A035679716}
		{6F873325-0F9C-445F-9684-431FCB8C43C8} = {6F873325-0F9C-445F-9684-431FCB8C43C8}
		{1CB4F344-7AB3-4F13-A554-733805541D91} = {1CB4F344-7AB3-4F13-A554-733805541D91}
		{307B0D8A-4093-4A8E-95CF-07FB53D1EAFD} = {307B0D8A-4093-4A8E-95CF-07FB53D1EAFD}
		{96790701-06F8-4392-8973-E03134D15F65} = {96790701-06F8-4392-8973-E03134D15F65}
		{BD3A95FA-A3DE-4B79-A889-A7E5ECA4B69C} = {BD3A95FA-A3DE-4B79-A889-A7E5ECA4B69C}
	EndProjectSection
EndProject
Project("{8BC9CEB8-8B4A-11D0-8D11-00A0C91BC942}") = "libclocale", "libclocale\libclocale.vcproj", "{6F873325-0F9C-445F-9684-431FCB8C43C8}"
	ProjectSection(ProjectDependencies) = postProject
		{BD3A95FA-A3DE-4B79-A889-A7E5ECA4B69C} = {BD3A95FA-A3DE-4B79-A889-A7E5ECA4B69C}
	EndProjectSection
EndProject
Project("{8BC9CEB8-8B4A-11D0-8D11-00A0C91BC942}") = "libbfio", "libbfio\libbfio.vcproj", "{276CDAF0-4F8D-43DB-8779-D5320A66CBCE}"
	ProjectSection(ProjectDependencies) = postProject
		{BD3A95FA-A3DE-4B79-A889-A7E5ECA4B69C} = {BD3A95FA-A3DE-4B79-A889-A7E5ECA4B69C}
		{96790701-06F8-4392-8973-E03134D15F65} = {96790701-06F8-4392-8973-E03134D15F65}
		{6F873325-0F9C-445F-9684-431FCB8C43C8} = {6F873325-0F9C-445F-9684-431FCB8C43C8}
		{0F54D98C-607B-432C-9EF9-B4A035679716} = {0F54D98C-607B-432C-9EF9-B4A035679716}
		{1CB4F344-7AB3-4F13-A554-733805541D91} = {1CB4F344-7AB3-4F13-A554-733805541D91}
		{244DFCC3-C80F-44D4-AEF8-0E26FCD59099} = {244DFCC3-C80F-44D4-AEF8-0E26FCD59099}
		{433E23AB-ABAB-4E86-8D7C-C25FF2085486} = {433E23AB-ABAB-4E86-8D7C-C25FF2085486}
		{A3394D9C-ECC4-4164-AACD-D52F2F2424C9} = {A3394D9C-ECC4-4164-AACD-D52F2F2424C9}
		{E93A163F-AA4B-48CB-B750-768419ED4439} = {E93A163F-AA4B-48CB-B750-768419ED4439}
	EndProjectSection
EndProject
Project("{8BC9CEB8-8B4A-11D0-8D11-00A0C91BC942}") = "vsmbrinfo", "vsmbrinfo\vsmbrinfo.vcproj", "{32802303-3E7A-4375-8F5E-42832628F746}"
	ProjectSection(ProjectDependencies) = postProject
		{E93A163F-AA4B-48CB-B750-768419ED4439} = {E93A163F-AA4B-48CB-B750-768419ED4439}
		{307B0D8A-4093-4A8E-95CF-07FB53D1EAFD} = {307B0D8A-4093-4A8E-95CF-07FB53D1EAFD}
		{0F54D98C-607B-432C-9EF9-B4A035679716} = {0F54D98C-607B-432C-9EF9-B4A035679716}
		{6F873325-0F9C-445F-9684-431FCB8C43C8} = {6F873325-0F9C-445F-9684-431FCB8C43C8}
		{BD3A95FA-A3DE-4B79-A889-A7E5ECA4B69C} = {BD3A95FA-A3DE-4B79-A889-A7E5ECA4B69C}
	EndProjectSection
EndProject
Project("{8BC9CEB8-8B4A-11D0-8D11-00A0C91BC942}") = "pyvsmbr", "pyvsmbr\pyvsmbr.vcproj", "{5CD5667D-7912-4B24-A91C-977C9D7EE2AA}"
	ProjectSection(ProjectDependencies) = postProject
		{BD3A95FA-A3DE-4B79-A889-A7E5ECA4B69C} = {BD3A95FA-A3DE-4B79-A889-A7E5ECA4B69C}
		{307B0D8A-4093-4A8E-95CF-07FB53D1EAFD} = {307B0D8A-4093-4A8E-95CF-07FB53D1EAFD}
		{1CB4F344-7AB3-4F13-A554-733805541D91} = {1CB4F344-7AB3-4F13-A554-733805541D91}
		{6F873325-0F9C-445F-9684-431FCB8C43C8} = {6F873325-0F9C-445F-9684-431FCB8C43C8}
		{244DFCC3-C80F-44D4-AEF8-0E26FCD59099} = {244DFCC3-C80F-44D4-AEF8-0E26FCD59099}
		{E93A163F-AA4B-48CB-B750-768419ED4439} = {E93A163F-AA4B-48CB-B750-768419ED4439}
		{433E23AB-ABAB-4E86-8D7C-C25FF2085486} = {433E23AB-ABAB-4E86-8D7C-C25FF2085486}
		{A3394D9C-ECC4-4164-AACD-D52F2F2424C9} = {A3394D9C-ECC4-4164-AACD-D52F2F2424C9}
		{276CDAF0-4F8D-43DB-8779-D5320A66CBCE} = {276CDAF0-4F8D-43DB-8779-D5320A66CBCE}
	EndProjectSection
EndProject
Project("{8BC9CEB8-8B4A-11D0-8D11-00A0C91BC942}") = "libcfile", "libcfile\libcfile.vcproj", "{433E23AB-ABAB-4E86-8D7C-C25FF2085486}"
	ProjectSection(ProjectDependencies) = postProject
		{BD3A95FA-A3DE-4B79-A889-A7E5ECA4B69C} = {BD3A95FA-A3DE-4B79-A889-A7E5ECA4B69C}
		{6F873325-0F9C-445F-9684-431FCB8C43C8} = {6F873325-0F9C-445F-9684-431FCB8C43C8}
		{0F54D98C-607B-432C-9EF9-B4A035679716} = {0F54D98C-607B-432C-9EF9-B4A035679716}
		{E93A163F-AA4B-48CB-B750-768419ED4439} = {E93A163F-AA4B-48CB-B750-768419ED4439}
	EndProjectSection
EndProject
Project("{8BC9CEB8-8B4A-11D0-8D11-00A0C91BC942}") = "libcthreads", "libcthreads\libcthreads.vcproj", "{96790701-06F8-4392-8973-E03134D15F65}"
	ProjectSection(ProjectDependencies) = postProject
		{BD3A95FA-A3DE-4B79-A889-A7E5ECA4B69C} = {BD3A95FA-A3DE-4B79-A889-A7E5ECA4B69C}
	EndProjectSection
EndProject
Project("{8BC9CEB8-8B4A-11D0-8D11-00A0C91BC942}") = "libcpath", "libcpath\libcpath.vcproj", "{A3394D9C-ECC4-4164-AACD-D52F2F2424C9}"
	ProjectSection(ProjectDependencies) = postProject
		{BD3A95FA-A3DE-4B79-A889-A7E5ECA4B69C} = {BD3A95FA-A3DE-4B79-A889-A7E5ECA4B69C}
		{6F873325-0F9C-445F-9684-431FCB8C43C8} = {6F873325-0F9C-445F-9684-431FCB8C43C8}
		{244DFCC3-C80F-44D4-AEF8-0E26FCD59099} = {244DFCC3-C80F-44D4-AEF8-0E26FCD59099}
		{E93A163F-AA4B-48CB-B750-768419ED4439} = {E93A163F-AA4B-48CB-B750-768419ED4439}
	EndProjectSection
EndProject
Project("{8BC9CEB8-8B4A-11D0-8D11-00A0C91BC942}") = "libuna", "libuna\libuna.vcproj", "{E93A163F-AA4B-48CB-B750-768419ED4439}"
	ProjectSection(ProjectDependencies) = postProject
		{BD3A95FA-A3DE-4B79-A889-A7E5ECA4B69C} = {BD3A95FA-A3DE-4B79-A889-A7E5ECA4B69C}
	EndProjectSection
EndProject
Project("{8BC9CEB8-8B4A-11D0-8D11-00A0C91BC942}") = "libcerror", "libcerror\libcerror.vcproj", "{BD3A95FA-A3DE-4B79-A889-A7E5ECA4B69C}"
EndProject
Project("{8BC9CEB8-8B4A-11D0-8D11-00A0C91BC942}") = "libcnotify", "libcnotify\libcnotify.vcproj", "{0F54D98C-607B-432C-9EF9-B4A035679716}"
	ProjectSection(ProjectDependencies) = postProject
		{BD3A95FA-A3DE-4B79-A889-A7E5ECA4B69C} = {BD3A95FA-A3DE-4B79-A889-A7E5ECA4B69C}
	EndProjectSection
EndProject
Project("{8BC9CEB8-8B4A-11D0-8D11-00A0C91BC942}") = "libvsmbr", "libvsmbr\libvsmbr.vcproj", "{307B0D8A-4093-4A8E-95CF-07FB53D1EAFD}"
	ProjectSection(ProjectDependencies) = postProject
		{BD3A95FA-A3DE-4B79-A889-A7E5ECA4B69C} = {BD3A95FA-A3DE-4B79-A889-A7E5ECA4B69C}
		{96790701-06F8-4392-8973-E03134D15F65} = {96790701-06F8-4392-8973-E03134D15F65}
		{1CB4F344-7AB3-4F13-A554-733805541D91} = {1CB4F344-7AB3-4F13-A554-733805541D91}
		{6F873325-0F9C-445F-9684-431FCB8C43C8} = {6F873325-0F9C-445F-9684-431FCB8C43C8}
		{0F54D98C-607B-432C-9EF9-B4A035679716} = {0F54D98C-607B-432C-9EF9-B4A035679716}
		{244DFCC3-C80F-44D4-AEF8-0E26FCD59099} = {244DFCC3-C80F-44D4-AEF8-0E26FCD59099}
		{E93A163F-AA4B-48CB-B750-768419ED4439} = {E93A163F-AA4B-48CB-B750-768419ED4439}
		{433E23AB-ABAB-4E86-8D7C-C25FF2085486} = {433E23AB-ABAB-4E86-8D7C-C25FF2085486}
		{A3394D9C-ECC4-4164-AACD-D52F2F2424C9} = {A3394D9C-ECC4-4164-AACD-D52F2F2424C9}
		{276CDAF0-4F8D-43DB-8779-D5320A66CBCE} = {276CDAF0-4F8D-43DB-8779-D5320A66CBCE}
		{24447C8D-5279-4B41-A3BE-27ADF7605D0F} = {24447C8D-5279-4B41-A3BE-27ADF7605D0F}
		{79986B9F-578A-446B-BD06-034EF96E5937} = {79986B9F-578A-446B-BD06-034EF96E5937}
	EndProjectSection
EndProject
Project("{8BC9CEB8-8B4A-11D0-8D11-00A0C91BC942}") = "libfdata", "libfdata\libfdata.vcproj", "{79986B9F-578A-446B-BD06-034EF96E5937}"
	ProjectSection(ProjectDependencies) = postProject
		{BD3A95FA-A3DE-4B79-A889-A7E5ECA4B69C} = {BD3A95FA-A3DE-4B79-A889-A7E5ECA4B69C}
		{96790701-06F8-4392-8973-E03134D15F65} = {96790701-06F8-4392-8973-E03134D15F65}
		{1CB4F344-7AB3-4F13-A554-733805541D91} = {1CB4F344-7AB3-4F13-A554-733805541D91}
		{0F54D98C-607B-432C-9EF9-B4A035679716} = {0F54D98C-607B-432C-9EF9-B4A035679716}
		{24447C8D-5279-4B41-A3BE-27ADF7605D0F} = {24447C8D-5279-4B41-A3BE-27ADF7605D0F}
	EndProjectSection
EndProject
Project("{8BC9CEB8-8B4A-11D0-8D11-00A0C91BC942}") = "libcdata", "libcdata\libcdata.vcproj", "{1CB4F344-7AB3-4F13-A554-733805541D91}"
	ProjectSection(ProjectDependencies) = postProject
		{BD3A95FA-A3DE-4B79-A889-A7E5ECA4B69C} = {BD3A95FA-A3DE-4B79-A889-A7E5ECA4B69C}
		{96790701-06F8-4392-8973-E03134D15F65} = {96790701-06F8-4392-8973-E03134D15F65}
	EndProjectSection
EndProject
Project("{8BC9CEB8-8B4A-11D0-8D11-00A0C91BC942}") = "libcsplit", "libcsplit\libcsplit.vcproj", "{244DFCC3-C80F-44D4-AEF8-0E26FCD59099}"
	ProjectSection(ProjectDependencies) = postProject
		{BD3A95FA-A3DE-4B79-A889-A7E5ECA4B69C} = {BD3A95FA-A3DE-4B79-A889-A7E5ECA4B69C}
	EndProjectSection
EndProject
Global
	GlobalSection(SolutionConfigurationPlatforms) = preSolution
		Release|Win32 = Release|Win32
		VSDebug|Win32 = VSDebug|Win32
	EndGlobalSection
	GlobalSection(ProjectConfigurationPlatforms) = postSolution
		{24447C8D-5279-4B41-A3BE-27ADF7605D0F}.Release|Win32.ActiveCfg = Release|Win32
		{24447C8D-5279-4B41-A3BE-27ADF7605D0F}.Release|Win32.Build.0 = Release|Win32
		{24447C8D-5279-4B41-A3BE-27ADF7605D0F}.VSDebug|Win32.ActiveCfg = VSDebug|Win32
		{24447C8D-5279-4B41-A3BE-27ADF7605D0F}.VSDebug|Win32.Build.0 = VSDebug|Win32
		{BB29A77E-D048-42EE-9520-D6F38EF584EB}.Release|Win32.ActiveCfg = Release|Win32
		{BB29A77E-D048-42EE-9520-D6F38EF584EB}.Release|Win32.Build.0 = Release|Win32
		{BB29A77E-D048-42EE-9520-D6F38EF584EB}.VSDebug|Win32.ActiveCfg = VSDebug|Win32
		{BB29A77E-D048-42EE-9520-D6F38EF584EB}.VSDebug|Win32.Build.0 = VSDebug|Win32
		{2018BDC8-3317-4560-8CD7-21DC08382494}.Release|Win32.ActiveCfg = Release|Win32
		{2018BDC8-3317-4560-8CD7-21DC08382494}.Release|Win32.Build.0 = Release|Win32
		{2018BDC8-3317-4560-8CD7-21DC08382494}.VSDebug|Win32.ActiveCfg = VSDebug|Win32
		{2018BDC8-3317-4560-8CD7-21DC08382494}.VSDebug|Win32.Build.0 = VSDebug|Win32
		{4C618080-28F3-42AD-BF12-6DDB73B21DC8}.Release|Win32.ActiveCfg = Release|Win32
		{4C618080-28F3-42AD-BF12-6DDB73B21DC8}.Release|Win32.Build.0 = Release|Win32
		{4C618080-28F3-42AD-BF12-6DDB73B21DC8}.VSDebug|Win32.ActiveCfg = VSDebug|Win32
		{4C618080-28F3-42AD-BF12-6DDB73B21DC8}.VSDebug|Win32.Build.0 = VSDebug|Win32
		{8C06ADA6-EB54-440E-947E-784265EB8959}.Release|Win32.ActiveCfg = Release|Win32
		{8C06ADA6-EB54-440E-947E-784265EB8959}.Release|Win32.Build.0 = Release|Win32
		{8C06ADA6-EB54-440E-947E-784265EB8959}.VSDebug|Win32.ActiveCfg = VSDebug|Win32
		{8C06ADA6-EB54-440E-947E-784265EB8959}.VSDebug|Win32.Build.0 = VSDebug|Win32
		{41244822-A3AD-4FD8-BC02-3539678F5F56}.Release|Win32.ActiveCfg = Release|Win32
		{41244822-A3AD-4FD8-BC02-3539678F5F56}.Release|Win32.Build.0 = Release|Win32
		{41244822-A3AD-4FD8-BC02-3539678F5F56}.VSDebug|Win32.ActiveCfg = VSDebug|Win32
		{41244822-A3AD-4FD8-BC02-3539678F5F56}.VSDebug|Win32.Build.0 = VSDebug|Win32
		{6853194D-5834-4F02-A808-25BD655C3F15}.Release|Win32.ActiveCfg = Release|Win32
		{6853194D-5834-4F02-A808-25BD655C3F15}.Release|Win32.Build.0 = Release|Win32
		{6853194D-5834-4F02-A808-25BD655C3F15}.VSDebug|Win32.ActiveCfg = VSDebug|Win32
		{6853194D-5834-4F02-A808-25BD655C3F15}.VSDebug|Win32.Build.0 = VSDebug|Win32
		{9DC5F85B-A664-4D00-B2FA-668CCED9674E}.Release|Win32.ActiveCfg = Release|Win32
		{9DC5F85B-A664-4D00-B2FA-668CCED9674E}.Release|Win32.Build.0 = Release|Win32
		{9DC5F85B-A664-4D00-B2FA-668CCED9674E}.VSDebug|Win32.ActiveCfg = VSDebug|Win32
		{9DC5F85B-A664-4D00-B2FA-668CCED9674E}.VSDebug|Win32.Build.0 = VSDebug|Win32
		{DA828799-CF59-49C8-B130-2EC0CD3A40AB}.Release|Win32.ActiveCfg = Release|Win32
		{DA828799-CF59-49C8-B130-2EC0CD3A40AB}.Release|Win32.Build.0 = Release|Win32
		{DA828799-CF59-49C8-B130-2EC0CD3A40AB}.VSDebug|Win32.ActiveCfg = VSDebug|Win32
		{DA828799-CF59-49C8-B130-2EC0CD3A40AB}.VSDebug|Win32.Build.0 = VSDebug|Win32
		{209F25F1-8CD5-43D4-B1AF-E7403FA7B94E}.Release|Win32.ActiveCfg = Release|Win32
		{209F25F1-8CD5-43D4-B1AF-E7403FA7B94E}.Release|Win32.Build.0 = Release|Win32
		{209F25F1-8CD5-43D4-B1AF-E7403FA7B94E}.VSDebug|Win32.ActiveCfg = VSDebug|Win32
		{209F25F1-8CD5-43D4-B1AF-E7403FA7B94E}.VSDebug|Win32.Build.0 = VSDebug|Win32
		{69E13D87-F289-4079-8616-4D44E60BBA5F}.Release|Win32.ActiveCfg = Release|Win32
		{69E13D87-F289-4079-8616-4D44E60BBA5F}.Release|Win32.Build.0 = Release|Win32
		{69E13D87-F289-4079-8616-4D44E60BBA5F}.VSDebug|Win32.ActiveCfg = VSDebug|Win32
		{69E13D87-F289-4079-8616-4D44E60BBA5F}.VSDebug|Win32.Build.0 = VSDebug|Win32
		{8826C785-CE78-4026-9A58-DF6A8A9D1C4E}.Release|Win32.ActiveCfg = Release|Win32
		{8826C785-CE78-4026-9A58-DF6A8A9D1C4E}.Release|Win32.Build.0 = Release|Win32
		{8826C785-CE78-4026-9A58-DF6A8A9D1C4E}.VSDebug|Win32.ActiveCfg = VSDebug|Win32
		{8826C785-CE78-4026-9A58-DF6A8A9D1C4E}.VSDebug|Win32.Build.0 = VSDebug|Win32
		{8C7D0CE6-DE66-43A5-849B-E973AF9B46AD}.Release|Win32.ActiveCfg = Release|Win32
		{8C7D0CE6-DE66-43A5-849B-E973AF9B46AD}.Release|Win32.Build.0 = Release|Win32
		{8C7D0CE6-DE66-43A5-849B-E973AF9B46AD}.VSDebug|Win32.ActiveCfg = VSDebug|Win32
		{8C7D0CE6-DE66-43A5-849B-E973AF9B46AD}.VSDebug|Win32.Build.0 = VSDebug|Win32
		{A61F04DB-3FE9-4479-9D32-E7F0038C560A}.Release|Win32.ActiveCfg = Release|Win32
		{A61F04DB-3FE9-4479-9D32-E7F0038C560A}.Release|Win32.Build.0 = Release|Win32
		{A61F04DB-3FE9-4479-9D32-E7F0038C560A}.VSDebug|Win32.ActiveCfg = VSDebug|Win32
		{A61F04DB-3FE9-4479-9D32-E7F0038C560A}.VSDebug|Win32.Build.0 = VSDebug|Win32
		{C56F93A8-3510-415F-9EF3-97561FCB1113}.Release|Win32.ActiveCfg = Release|Win32
		{C56F93A8-3510-415F-9EF3-97561FCB1113}.Release|Win32.Build.0 = Release|Win32
		{C56F93A8-3510-415F-9EF3-97561FCB1113}.VSDebug|Win32.ActiveCfg = VSDebug|Win32
		{C56F93A8-3510-415F-9EF3-97561FCB1113}.VSDebug|Win32.Build.0 = VSDebug|Win32
		{88609394-EF1B-4375-BF40-1167F715E980}.Release|Win32.ActiveCfg = Release|Win32
		{88609394-EF1B-4375-BF40-1167F715E980}.Release|Win32.Build.0 = Release|Win32
		{88609394-EF1B-4375-BF40-1167F715E980}.VSDebug|Win32.ActiveCfg = VSDebug|Win32
		{88609394-EF1B-4375-BF40-1167F715E980}.VSDebug|Win32.Build.0 = VSDebug|Win32
		{12676967-A91B-4E38-86DE-71880271A388}.Release|Win32.ActiveCfg = Release|Win32
		{12676967-A91B-4E38-86DE-71880271A388}.Release|Win32.Build.0 = Release|Win32
		{12676967-A91B-4E38-86DE-71880271A388}.VSDebug|Win32.ActiveCfg = VSDebug|Win32
		{12676967-A91B-4E38-86DE-71880271A388}.VSDebug|Win32.Build.0 = VSDebug|Win32
		{6F873325-0F9C-445F-9684-431FCB8C43C8}.Release|Win32.ActiveCfg = Release|Win32
		{6F873325-0F9C-445F-9684-431FCB8C43C8}.Release|Win32.Build.0 = Release|Win32
		{6F873325-0F9C-445F-9684-431FCB8C43C8}.VSDebug|Win32.ActiveCfg = VSDebug|Win32
		{6F873325-0F9C-445F-9684-431FCB8C43C8}.VSDebug|Win32.Build.0 = VSDebug|Win32
		{276CDAF0-4F8D-43DB-8779-D5320A66CBCE}.Release|Win32.ActiveCfg = Release|Win32
		{276CDAF0-4F8D-43DB-8779-D5320A66CBCE}.Release|Win32.Build.0 = Release|Win32
		{276CDAF0-4F8D-43DB-8779-D5320A66CBCE}.VSDebug|Win32.ActiveCfg = VSDebug|Win32
		{276CDAF0-4F8D-43DB-8779-D5320A66CBCE}.VSDebug|Win32.Build.0 = VSDebug|Win32
		{32802303-3E7A-4375-8F5E-42832628F746}.Release|Win32.ActiveCfg = Release|Win32
		{32802303-3E7A-4375-8F5E-42832628F746}.Release|Win32.Build.0 = Release|Win32
		{32802303-3E7A-4375-8F5E-42832628F746}.VSDebug|Win32.ActiveCfg = VSDebug|Win32
		{32802303-3E7A-4375-8F5E-42832628F746}.VSDebug|Win32.Build.0 = VSDebug|Win32
		{5CD5667D-7912-4B24-A91C-977C9D7EE2AA}.Release|Win32.ActiveCfg = Release|Win32
		{5CD5667D-7912-4B24-A91C-977C9D7EE2AA}.Release|Win32.Build.0 = Release|Win32
		{5CD5667D-7912-4B24-A91C-977C9D7EE2AA}.VSDebug|Win32.ActiveCfg = VSDebug|Win32
		{5CD5667D-7912-4B24-A91C-977C9D7EE2AA}.VSDebug|Win32.Build.0 = VSDebug|Win32
		{433E23AB-ABAB-4E86-8D7C-C25FF2085486}.Release|Win32.ActiveCfg = Release|Win32
		{433E23AB-ABAB-4E86-8D7C-C25FF2085486}.Release|Win32.Build.0 = Release|Win32
		{433E23AB-ABAB-4E86-8D7C-C25FF2085486}.VSDebug|Win32.ActiveCfg = VSDebug|Win32
		{433E23AB-ABAB-4E86-8D7C-C25FF2085486}.VSDebug|Win32.Build.0 = VSDebug|Win32
		{96790701-06F8-4392-8973-E03134D15F65}.Release|Win32.ActiveCfg = Release|Win32
		{96790701-06F8-4392-8973-E03134D15F65}.Release|Win32.Build.0 = Release|Win32
		{96790701-06F8-4392-8973-E03134D15F65}.VSDebug|Win32.ActiveCfg = VSDebug|Win32
		{96790701-06F8-4392-8973-E03134D15F65}.VSDebug|Win32.Build.0 = VSDebug|Win32
		{A3394D9C-ECC4-4164-AACD-D52F2F2424C9}.Release|Win32.ActiveCfg = Release|Win32
		{A3394D9C-ECC4-4164-AACD-D52F2F2424C9}.Release|Win32.Build.0 = Release|Win32
		{A3394D9C-ECC4-4164-AACD-D52F2F2424C9}.VSDebug|Win32.ActiveCfg = VSDebug|Win32
		{A3394D9C-ECC4-4164-AACD-D52F2F2424C9}.VSDebug|Win32.Build.0 = VSDebug|Win32
		{E93A163F-AA4B-48CB-B750-768419ED4439}.Release|Win32.ActiveCfg = Release|Win32
		{E93A163F-AA4B-48CB-B750-768419ED4439}.Release|Win32.Build.0 = Release|Win32
		{E93A163F-AA4B-48CB-B750-768419ED4439}.VSDebug|Win32.ActiveCfg = VSDebug|Win32
		{E93A163F-AA4B-48CB-B750-768419ED4439}.VSDebug|Win32.Build.0 = VSDebug|Win32
		{BD3A95FA-A3DE-4B79-A889-A7E5ECA4B69C}.Release|Win32.ActiveCfg = Release|Win32
		{BD3A95FA-A3DE-4B79-A889-A7E5ECA4B69C}.Release|Win32.Build.0 = Release|Win32
		{BD3A95FA-A3DE-4B79-A889-A7E5ECA4B69C}.VSDebug|Win32.ActiveCfg = VSDebug|Win32
		{BD3A95FA-A3DE-4B79-A889-A7E5ECA4B69C}.VSDebug|Win32.Build.0 = VSDebug|Win32
		{0F54D98C-607B-432C-9EF9-B4A035679716}.Release|Win32.ActiveCfg = Release|Win32
		{0F54D98C-607B-432C-9EF9-B4A035679716}.Release|Win32.Build.0 = Release|Win32
		{0F54D98C-607B-432C-9EF9-B4A035679716}.VSDebug|Win32.ActiveCfg = VSDebug|Win32
		{0F54D98C-607B-432C-9EF9-B4A035679716}.VSDebug|Win32.Build.0 = VSDebug|Win32
		{307B0D8A-4093-4A8E-95CF-07FB53D1EAFD}.Release|Win32.ActiveCfg = Release|Win32
		{307B0D8A-4093-4A8E-95CF-07FB53D1EAFD}.Release|Win32.Build.0 = Release|Win32
		{307B0D8A-4093-4A8E-95CF-07FB53D1EAFD}.VSDebug|Win32.ActiveCfg = VSDebug|Win32
		{307B0D8A-4093-4A8E-95CF-07FB53D1EAFD}.VSDebug|Win32.Build.0 = VSDebug|Win32
		{79986B9F-578A-446B-BD06-034EF96E5937}.Release|Win32.ActiveCfg = Release|Win32
		{79986B9F-578A-446B-BD06-034EF96E5937}.Release|Win32.Build.0 = Release|Win32
		{79986B9F-578A-446B-BD06-034EF96E5937}.VSDebug|Win32.ActiveCfg = VSDebug|Win32
		{79986B9F-578A-446B-BD06-034EF96E5937}.VSDebug|Win32.Build.0 = VSDebug|Win32
		{1CB4F344-7AB3-4F13-A554-733805541D91}.Release|Win32.ActiveCfg = Release|Win32
		{1CB4F344-7AB3-4F13-A554-733805541D91}.Release|Win32.Build.0 = Release|Win32
		{1CB4F344-7AB3-4F13-A554-733805541D91}.VSDebug|Win32.ActiveCfg = VSDebug|Win32
		{1CB4F344-7AB3-4F13-A554-733805541D91}.VSDebug|Win32.Build.0 = VSDebug|Win32
		{244DFCC3-C80F-44D4-AEF8-0E26FCD59099}.Release|Win32.ActiveCfg = Release|Win32
		{244DFCC3-C80F-44D4-AEF8-0E26FCD59099}.Release|Win32.Build.0 = Release|Win32
		{244DFCC3-C80F-44D4-AEF8-0E26FCD59099}.VSDebug|Win32.ActiveCfg = VSDebug|Win32
		{244DFCC3-C80F-44D4-AEF8-0E26FCD59099}.VSDebug|Win32.Build.0 = VSDebug|Win32
	EndGlobalSection
	GlobalSection(SolutionProperties) = preSolution
		HideSolutionNode = FALSE
	EndGlobalSection
EndGlobal
